hash: 3589f2d18e6d7d80fa2a798a046816b5069243e89e3ac7c74e3698e8d8278e38
updated: 2017-02-27T22:21:20.088689323+01:00
imports:
- name: golang.org/x/crypto
  version: 453249f01cfeb54c3d549ddb75ff152ca243f9d8
  subpackages:
  - pkcs12
  - pkcs12/internal/rc2
testImports:
- name: github.com/frozzare/go-assert
  version: 6f04caa18e10470209b248c4a29c400a4a52bd5d
- name: gopkg.in/jarcoal/httpmock.v1
  version: 5bb0e54a2c1b7c8cbfd5a5c4d0a50435e142ecc1
