github.com/frozzare/go-assert v1.1.0 h1:JaWK+Q2bFyVyE8dpUNtqh0P9CFAwtQhTiKZiwJ8R+Mc=
github.com/frozzare/go-assert v1.1.0/go.mod h1:qaUtLVkASIEqsHEn8xhGKLh+24s1y07Y88Z5mNyHgWU=
golang.org/x/crypto v0.0.0-20181112202954-3d3f9f413869 h1:kkXA53yGe04D0adEYJwEVQjeBppL01Exg+fnMjfUraU=
golang.org/x/crypto v0.0.0-20181112202954-3d3f9f413869/go.mod h1:6SG95UA2DQfeDnfUPMdvaQW0Q7yPrPDi9nlGo2tz2b4=
gopkg.in/jarcoal/httpmock.v1 v1.0.0-20181110093347-3be5f16b70eb h1:ggw12VRqlkVtHkyK+zh3QP+V6PIGAuKQG/u0Mnkn6TQ=
gopkg.in/jarcoal/httpmock.v1 v1.0.0-20181110093347-3be5f16b70eb/go.mod h1:d3R+NllX3X5e0zlG1Rful3uLvsGC/Q3OHut5464DEQw=
