# This file is autogenerated, do not edit; changes may be undone by the next 'dep ensure'.


[[projects]]
  name = "github.com/frozzare/go-assert"
  packages = ["."]
  revision = "6f04caa18e10470209b248c4a29c400a4a52bd5d"
  version = "v1.1.0"

[[projects]]
  branch = "master"
  name = "golang.org/x/crypto"
  packages = ["pkcs12","pkcs12/internal/rc2"]
  revision = "88e95fbb56610f02dbc78ebc3b207bec8cf56b86"

[[projects]]
  branch = "v1"
  name = "gopkg.in/jarcoal/httpmock.v1"
  packages = ["."]
  revision = "cf52904a3cf0f78f199ecade6a6df8e245d5b25a"

[solve-meta]
  analyzer-name = "dep"
  analyzer-version = 1
  inputs-digest = "390a13b20606159274a82f1cee2c4c3c20f5b0d3c480b84cf396d2f8d732aa4a"
  solver-name = "gps-cdcl"
  solver-version = 1
